
Microsoft Visual Studio Solution File, Format Version 12.00
# Visual Studio 15
VisualStudioVersion = 15.0.28307.572
MinimumVisualStudioVersion = 10.0.40219.1
Project("{FAE04EC0-301F-11D3-BF4B-00C04F79EFBC}") = "ODataTables2", "ODataTables2\ODataTables2.csproj", "{B8E0C76E-115E-4C51-AECE-C64AEDB765AA}"
EndProject
Global
	GlobalSection(SolutionConfigurationPlatforms) = preSolution
		Debug|Any CPU = Debug|Any CPU
		Release|Any CPU = Release|Any CPU
	EndGlobalSection
	GlobalSection(ProjectConfigurationPlatforms) = postSolution
		{B8E0C76E-115E-4C51-AECE-C64AEDB765AA}.Debug|Any CPU.ActiveCfg = Debug|Any CPU
		{B8E0C76E-115E-4C51-AECE-C64AEDB765AA}.Debug|Any CPU.Build.0 = Debug|Any CPU
		{B8E0C76E-115E-4C51-AECE-C64AEDB765AA}.Release|Any CPU.ActiveCfg = Release|Any CPU
		{B8E0C76E-115E-4C51-AECE-C64AEDB765AA}.Release|Any CPU.Build.0 = Release|Any CPU
	EndGlobalSection
	GlobalSection(SolutionProperties) = preSolution
		HideSolutionNode = FALSE
	EndGlobalSection
	GlobalSection(ExtensibilityGlobals) = postSolution
		SolutionGuid = {01346AD7-04A0-41D0-9740-322EC480E561}
	EndGlobalSection
EndGlobal
